// !$*UTF8*$!
{
	archiveVersion = 1;
	classes = {
	};
	objectVersion = 48;
	objects = {

/* Begin PBXBuildFile section */
		4098D77E200B7E3300D957D9 /* AppDelegate.swift in Sources */ = {isa = PBXBuildFile; fileRef = 4098D77D200B7E3300D957D9 /* AppDelegate.swift */; };
		4098D780200B7E3300D957D9 /* ViewController.swift in Sources */ = {isa = PBXBuildFile; fileRef = 4098D77F200B7E3300D957D9 /* ViewController.swift */; };
		4098D783200B7E3300D957D9 /* Main.storyboard in Resources */ = {isa = PBXBuildFile; fileRef = 4098D781200B7E3300D957D9 /* Main.storyboard */; };
		4098D785200B7E3300D957D9 /* Assets.xcassets in Resources */ = {isa = PBXBuildFile; fileRef = 4098D784200B7E3300D957D9 /* Assets.xcassets */; };
		4098D788200B7E3300D957D9 /* LaunchScreen.storyboard in Resources */ = {isa = PBXBuildFile; fileRef = 4098D786200B7E3300D957D9 /* LaunchScreen.storyboard */; };
		4098D791200B7F4500D957D9 /* HHGuidePageHUD.swift in Sources */ = {isa = PBXBuildFile; fileRef = 4098D790200B7F4500D957D9 /* HHGuidePageHUD.swift */; };
/* End PBXBuildFile section */

/* Begin PBXFileReference section */
		4098D77A200B7E3300D957D9 /* HHGuidePageHUDExample.app */ = {isa = PBXFileReference; explicitFileType = wrapper.application; includeInIndex = 0; path = HHGuidePageHUDExample.app; sourceTree = BUILT_PRODUCTS_DIR; };
		4098D77D200B7E3300D957D9 /* AppDelegate.swift */ = {isa = PBXFileReference; lastKnownFileType = sourcecode.swift; path = AppDelegate.swift; sourceTree = "<group>"; };
		4098D77F200B7E3300D957D9 /* ViewController.swift */ = {isa = PBXFileReference; lastKnownFileType = sourcecode.swift; path = ViewController.swift; sourceTree = "<group>"; };
		4098D782200B7E3300D957D9 /* Base */ = {isa = PBXFileReference; lastKnownFileType = file.storyboard; name = Base; path = Base.lproj/Main.storyboard; sourceTree = "<group>"; };
		4098D784200B7E3300D957D9 /* Assets.xcassets */ = {isa = PBXFileReference; lastKnownFileType = folder.assetcatalog; path = Assets.xcassets; sourceTree = "<group>"; };
		4098D787200B7E3300D957D9 /* Base */ = {isa = PBXFileReference; lastKnownFileType = file.storyboard; name = Base; path = Base.lproj/LaunchScreen.storyboard; sourceTree = "<group>"; };
		4098D789200B7E3300D957D9 /* Info.plist */ = {isa = PBXFileReference; lastKnownFileType = text.plist.xml; path = Info.plist; sourceTree = "<group>"; };
		4098D790200B7F4500D957D9 /* HHGuidePageHUD.swift */ = {isa = PBXFileReference; lastKnownFileType = sourcecode.swift; path = HHGuidePageHUD.swift; sourceTree = "<group>"; };
/* End PBXFileReference section */

/* Begin PBXFrameworksBuildPhase section */
		4098D777200B7E3300D957D9 /* Frameworks */ = {
			isa = PBXFrameworksBuildPhase;
			buildActionMask = 2147483647;
			files = (
			);
			runOnlyForDeploymentPostprocessing = 0;
		};
/* End PBXFrameworksBuildPhase section */

/* Begin PBXGroup section */
		4098D771200B7E3300D957D9 = {
			isa = PBXGroup;
			children = (
				4098D77C200B7E3300D957D9 /* HHGuidePageHUDExample */,
				4098D77B200B7E3300D957D9 /* Products */,
			);
			sourceTree = "<group>";
		};
		4098D77B200B7E3300D957D9 /* Products */ = {
			isa = PBXGroup;
			children = (
				4098D77A200B7E3300D957D9 /* HHGuidePageHUDExample.app */,
			);
			name = Products;
			sourceTree = "<group>";
		};
		4098D77C200B7E3300D957D9 /* HHGuidePageHUDExample */ = {
			isa = PBXGroup;
			children = (
				4098D78F200B7E6B00D957D9 /* HHGuidePageHUD */,
				4098D77D200B7E3300D957D9 /* AppDelegate.swift */,
				4098D77F200B7E3300D957D9 /* ViewController.swift */,
				4098D781200B7E3300D957D9 /* Main.storyboard */,
				4098D784200B7E3300D957D9 /* Assets.xcassets */,
				4098D786200B7E3300D957D9 /* LaunchScreen.storyboard */,
				4098D789200B7E3300D957D9 /* Info.plist */,
			);
			path = HHGuidePageHUDExample;
			sourceTree = "<group>";
		};
		4098D78F200B7E6B00D957D9 /* HHGuidePageHUD */ = {
			isa = PBXGroup;
			children = (
				4098D790200B7F4500D957D9 /* HHGuidePageHUD.swift */,
			);
			path = HHGuidePageHUD;
			sourceTree = SOURCE_ROOT;
		};
/* End PBXGroup section */

/* Begin PBXNativeTarget section */
		4098D779200B7E3300D957D9 /* HHGuidePageHUDExample */ = {
			isa = PBXNativeTarget;
			buildConfigurationList = 4098D78C200B7E3300D957D9 /* Build configuration list for PBXNativeTarget "HHGuidePageHUDExample" */;
			buildPhases = (
				4098D776200B7E3300D957D9 /* Sources */,
				4098D777200B7E3300D957D9 /* Frameworks */,
				4098D778200B7E3300D957D9 /* Resources */,
			);
			buildRules = (
			);
			dependencies = (
			);
			name = HHGuidePageHUDExample;
			productName = HHGuidePageHUDExample;
			productReference = 4098D77A200B7E3300D957D9 /* HHGuidePageHUDExample.app */;
			productType = "com.apple.product-type.application";
		};
/* End PBXNativeTarget section */

/* Begin PBXProject section */
		4098D772200B7E3300D957D9 /* Project object */ = {
			isa = PBXProject;
			attributes = {
				LastSwiftUpdateCheck = 0910;
				LastUpgradeCheck = 0910;
				ORGANIZATIONNAME = "薛乐";
				TargetAttributes = {
					4098D779200B7E3300D957D9 = {
						CreatedOnToolsVersion = 9.1;
						ProvisioningStyle = Automatic;
					};
				};
			};
			buildConfigurationList = 4098D775200B7E3300D957D9 /* Build configuration list for PBXProject "HHGuidePageHUDExample" */;
			compatibilityVersion = "Xcode 8.0";
			developmentRegion = en;
			hasScannedForEncodings = 0;
			knownRegions = (
				en,
				Base,
			);
			mainGroup = 4098D771200B7E3300D957D9;
			productRefGroup = 4098D77B200B7E3300D957D9 /* Products */;
			projectDirPath = "";
			projectRoot = "";
			targets = (
				4098D779200B7E3300D957D9 /* HHGuidePageHUDExample */,
			);
		};
/* End PBXProject section */

/* Begin PBXResourcesBuildPhase section */
		4098D778200B7E3300D957D9 /* Resources */ = {
			isa = PBXResourcesBuildPhase;
			buildActionMask = 2147483647;
			files = (
				4098D788200B7E3300D957D9 /* LaunchScreen.storyboard in Resources */,
				4098D785200B7E3300D957D9 /* Assets.xcassets in Resources */,
				4098D783200B7E3300D957D9 /* Main.storyboard in Resources */,
			);
			runOnlyForDeploymentPostprocessing = 0;
		};
/* End PBXResourcesBuildPhase section */

/* Begin PBXSourcesBuildPhase section */
		4098D776200B7E3300D957D9 /* Sources */ = {
			isa = PBXSourcesBuildPhase;
			buildActionMask = 2147483647;
			files = (
				4098D791200B7F4500D957D9 /* HHGuidePageHUD.swift in Sources */,
				4098D780200B7E3300D957D9 /* ViewController.swift in Sources */,
				4098D77E200B7E3300D957D9 /* AppDelegate.swift in Sources */,
			);
			runOnlyForDeploymentPostprocessing = 0;
		};
/* End PBXSourcesBuildPhase section */

/* Begin PBXVariantGroup section */
		4098D781200B7E3300D957D9 /* Main.storyboard */ = {
			isa = PBXVariantGroup;
			children = (
				4098D782200B7E3300D957D9 /* Base */,
			);
			name = Main.storyboard;
			sourceTree = "<group>";
		};
		4098D786200B7E3300D957D9 /* LaunchScreen.storyboard */ = {
			isa = PBXVariantGroup;
			children = (
				4098D787200B7E3300D957D9 /* Base */,
			);
			name = LaunchScreen.storyboard;
			sourceTree = "<group>";
		};
/* End PBXVariantGroup section */

/* Begin XCBuildConfiguration section */
		4098D78A200B7E3300D957D9 /* Debug */ = {
			isa = XCBuildConfiguration;
			buildSettings = {
				ALWAYS_SEARCH_USER_PATHS = NO;
				CLANG_ANALYZER_NONNULL = YES;
				CLANG_ANALYZER_NUMBER_OBJECT_CONVERSION = YES_AGGRESSIVE;
				CLANG_CXX_LANGUAGE_STANDARD = "gnu++14";
				CLANG_CXX_LIBRARY = "libc++";
				CLANG_ENABLE_MODULES = YES;
				CLANG_ENABLE_OBJC_ARC = YES;
				CLANG_WARN_BLOCK_CAPTURE_AUTORELEASING = YES;
				CLANG_WARN_BOOL_CONVERSION = YES;
				CLANG_WARN_COMMA = YES;
				CLANG_WARN_CONSTANT_CONVERSION = YES;
				CLANG_WARN_DIRECT_OBJC_ISA_USAGE = YES_ERROR;
				CLANG_WARN_DOCUMENTATION_COMMENTS = YES;
				CLANG_WARN_EMPTY_BODY = YES;
				CLANG_WARN_ENUM_CONVERSION = YES;
				CLANG_WARN_INFINITE_RECURSION = YES;
				CLANG_WARN_INT_CONVERSION = YES;
				CLANG_WARN_NON_LITERAL_NULL_CONVERSION = YES;
				CLANG_WARN_OBJC_LITERAL_CONVERSION = YES;
				CLANG_WARN_OBJC_ROOT_CLASS = YES_ERROR;
				CLANG_WARN_RANGE_LOOP_ANALYSIS = YES;
				CLANG_WARN_STRICT_PROTOTYPES = YES;
				CLANG_WARN_SUSPICIOUS_MOVE = YES;
				CLANG_WARN_UNGUARDED_AVAILABILITY = YES_AGGRESSIVE;
				CLANG_WARN_UNREACHABLE_CODE = YES;
				CLANG_WARN__DUPLICATE_METHOD_MATCH = YES;
				CODE_SIGN_IDENTITY = "iPhone Developer";
				COPY_PHASE_STRIP = NO;
				DEBUG_INFORMATION_FORMAT = dwarf;
				ENABLE_STRICT_OBJC_MSGSEND = YES;
				ENABLE_TESTABILITY = YES;
				GCC_C_LANGUAGE_STANDARD = gnu11;
				GCC_DYNAMIC_NO_PIC = NO;
				GCC_NO_COMMON_BLOCKS = YES;
				GCC_OPTIMIZATION_LEVEL = 0;
				GCC_PREPROCESSOR_DEFINITIONS = (
					"DEBUG=1",
					"$(inherited)",
				);
				GCC_WARN_64_TO_32_BIT_CONVERSION = YES;
				GCC_WARN_ABOUT_RETURN_TYPE = YES_ERROR;
				GCC_WARN_UNDECLARED_SELECTOR = YES;
				GCC_WARN_UNINITIALIZED_AUTOS = YES_AGGRESSIVE;
				GCC_WARN_UNUSED_FUNCTION = YES;
				GCC_WARN_UNUSED_VARIABLE = YES;
				IPHONEOS_DEPLOYMENT_TARGET = 11.1;
				MTL_ENABLE_DEBUG_INFO = YES;
				ONLY_ACTIVE_ARCH = YES;
				SDKROOT = iphoneos;
				SWIFT_ACTIVE_COMPILATION_CONDITIONS = DEBUG;
				SWIFT_OPTIMIZATION_LEVEL = "-Onone";
			};
			name = Debug;
		};
		4098D78B200B7E3300D957D9 /* Release */ = {
			isa = XCBuildConfiguration;
			buildSettings = {
				ALWAYS_SEARCH_USER_PATHS = NO;
				CLANG_ANALYZER_NONNULL = YES;
				CLANG_ANALYZER_NUMBER_OBJECT_CONVERSION = YES_AGGRESSIVE;
				CLANG_CXX_LANGUAGE_STANDARD = "gnu++14";
				CLANG_CXX_LIBRARY = "libc++";
				CLANG_ENABLE_MODULES = YES;
				CLANG_ENABLE_OBJC_ARC = YES;
				CLANG_WARN_BLOCK_CAPTURE_AUTORELEASING = YES;
				CLANG_WARN_BOOL_CONVERSION = YES;
				CLANG_WARN_COMMA = YES;
				CLANG_WARN_CONSTANT_CONVERSION = YES;
				CLANG_WARN_DIRECT_OBJC_ISA_USAGE = YES_ERROR;
				CLANG_WARN_DOCUMENTATION_COMMENTS = YES;
				CLANG_WARN_EMPTY_BODY = YES;
				CLANG_WARN_ENUM_CONVERSION = YES;
				CLANG_WARN_INFINITE_RECURSION = YES;
				CLANG_WARN_INT_CONVERSION = YES;
				CLANG_WARN_NON_LITERAL_NULL_CONVERSION = YES;
				CLANG_WARN_OBJC_LITERAL_CONVERSION = YES;
				CLANG_WARN_OBJC_ROOT_CLASS = YES_ERROR;
				CLANG_WARN_RANGE_LOOP_ANALYSIS = YES;
				CLANG_WARN_STRICT_PROTOTYPES = YES;
				CLANG_WARN_SUSPICIOUS_MOVE = YES;
				CLANG_WARN_UNGUARDED_AVAILABILITY = YES_AGGRESSIVE;
				CLANG_WARN_UNREACHABLE_CODE = YES;
				CLANG_WARN__DUPLICATE_METHOD_MATCH = YES;
				CODE_SIGN_IDENTITY = "iPhone Developer";
				COPY_PHASE_STRIP = NO;
				DEBUG_INFORMATION_FORMAT = "dwarf-with-dsym";
				ENABLE_NS_ASSERTIONS = NO;
				ENABLE_STRICT_OBJC_MSGSEND = YES;
				GCC_C_LANGUAGE_STANDARD = gnu11;
				GCC_NO_COMMON_BLOCKS = YES;
				GCC_WARN_64_TO_32_BIT_CONVERSION = YES;
				GCC_WARN_ABOUT_RETURN_TYPE = YES_ERROR;
				GCC_WARN_UNDECLARED_SELECTOR = YES;
				GCC_WARN_UNINITIALIZED_AUTOS = YES_AGGRESSIVE;
				GCC_WARN_UNUSED_FUNCTION = YES;
				GCC_WARN_UNUSED_VARIABLE = YES;
				IPHONEOS_DEPLOYMENT_TARGET = 11.1;
				MTL_ENABLE_DEBUG_INFO = NO;
				SDKROOT = iphoneos;
				SWIFT_OPTIMIZATION_LEVEL = "-Owholemodule";
				VALIDATE_PRODUCT = YES;
			};
			name = Release;
		};
		4098D78D200B7E3300D957D9 /* Debug */ = {
			isa = XCBuildConfiguration;
			buildSettings = {
				ASSETCATALOG_COMPILER_APPICON_NAME = AppIcon;
				CODE_SIGN_STYLE = Automatic;
				INFOPLIST_FILE = HHGuidePageHUDExample/Info.plist;
				LD_RUNPATH_SEARCH_PATHS = "$(inherited) @executable_path/Frameworks";
				PRODUCT_BUNDLE_IDENTIFIER = com.xue.HHGuidePageHUDExample;
				PRODUCT_NAME = "$(TARGET_NAME)";
				SWIFT_VERSION = 4.0;
				TARGETED_DEVICE_FAMILY = "1,2";
			};
			name = Debug;
		};
		4098D78E200B7E3300D957D9 /* Release */ = {
			isa = XCBuildConfiguration;
			buildSettings = {
				ASSETCATALOG_COMPILER_APPICON_NAME = AppIcon;
				CODE_SIGN_STYLE = Automatic;
				INFOPLIST_FILE = HHGuidePageHUDExample/Info.plist;
				LD_RUNPATH_SEARCH_PATHS = "$(inherited) @executable_path/Frameworks";
				PRODUCT_BUNDLE_IDENTIFIER = com.xue.HHGuidePageHUDExample;
				PRODUCT_NAME = "$(TARGET_NAME)";
				SWIFT_VERSION = 4.0;
				TARGETED_DEVICE_FAMILY = "1,2";
			};
			name = Release;
		};
/* End XCBuildConfiguration section */

/* Begin XCConfigurationList section */
		4098D775200B7E3300D957D9 /* Build configuration list for PBXProject "HHGuidePageHUDExample" */ = {
			isa = XCConfigurationList;
			buildConfigurations = (
				4098D78A200B7E3300D957D9 /* Debug */,
				4098D78B200B7E3300D957D9 /* Release */,
			);
			defaultConfigurationIsVisible = 0;
			defaultConfigurationName = Release;
		};
		4098D78C200B7E3300D957D9 /* Build configuration list for PBXNativeTarget "HHGuidePageHUDExample" */ = {
			isa = XCConfigurationList;
			buildConfigurations = (
				4098D78D200B7E3300D957D9 /* Debug */,
				4098D78E200B7E3300D957D9 /* Release */,
			);
			defaultConfigurationIsVisible = 0;
			defaultConfigurationName = Release;
		};
/* End XCConfigurationList section */
	};
	rootObject = 4098D772200B7E3300D957D9 /* Project object */;
}
